
Microsoft Visual Studio Solution File, Format Version 12.00
# Visual Studio 2013
VisualStudioVersion = 12.0.30723.0
MinimumVisualStudioVersion = 10.0.40219.1
Project("{FAE04EC0-301F-11D3-BF4B-00C04F79EFBC}") = "ServerNew", "ServerNew\ServerNew.csproj", "{BCE8C05C-7023-4B2E-A40E-AC55D143AAA2}"
EndProject
Global
	GlobalSection(SolutionConfigurationPlatforms) = preSolution
		Debug|Any CPU = Debug|Any CPU
		Release|Any CPU = Release|Any CPU
	EndGlobalSection
	GlobalSection(ProjectConfigurationPlatforms) = postSolution
		{BCE8C05C-7023-4B2E-A40E-AC55D143AAA2}.Debug|Any CPU.ActiveCfg = Debug|Any CPU
		{BCE8C05C-7023-4B2E-A40E-AC55D143AAA2}.Debug|Any CPU.Build.0 = Debug|Any CPU
		{BCE8C05C-7023-4B2E-A40E-AC55D143AAA2}.Release|Any CPU.ActiveCfg = Release|Any CPU
		{BCE8C05C-7023-4B2E-A40E-AC55D143AAA2}.Release|Any CPU.Build.0 = Release|Any CPU
	EndGlobalSection
	GlobalSection(SolutionProperties) = preSolution
		HideSolutionNode = FALSE
	EndGlobalSection
EndGlobal
